
Microsoft Visual Studio Solution File, Format Version 12.00
# Visual Studio Version 17
VisualStudioVersion = 17.9.34728.123
MinimumVisualStudioVersion = 10.0.40219.1
Project("{FAE04EC0-301F-11D3-BF4B-00C04F79EFBC}") = "LeaveApplication", "LeaveApplication\LeaveApplication.csproj", "{9B7C2502-F5C3-41EB-86B1-CFCD2689A6B6}"
EndProject
Global
	GlobalSection(SolutionConfigurationPlatforms) = preSolution
		Debug|Any CPU = Debug|Any CPU
		Release|Any CPU = Release|Any CPU
	EndGlobalSection
	GlobalSection(ProjectConfigurationPlatforms) = postSolution
		{9B7C2502-F5C3-41EB-86B1-CFCD2689A6B6}.Debug|Any CPU.ActiveCfg = Debug|Any CPU
		{9B7C2502-F5C3-41EB-86B1-CFCD2689A6B6}.Debug|Any CPU.Build.0 = Debug|Any CPU
		{9B7C2502-F5C3-41EB-86B1-CFCD2689A6B6}.Release|Any CPU.ActiveCfg = Release|Any CPU
		{9B7C2502-F5C3-41EB-86B1-CFCD2689A6B6}.Release|Any CPU.Build.0 = Release|Any CPU
	EndGlobalSection
	GlobalSection(SolutionProperties) = preSolution
		HideSolutionNode = FALSE
	EndGlobalSection
	GlobalSection(ExtensibilityGlobals) = postSolution
		SolutionGuid = {7CAC2794-3509-4E88-8F09-4F69E63F509A}
	EndGlobalSection
EndGlobal
